
Microsoft Visual Studio Solution File, Format Version 12.00
# Visual Studio 2013
VisualStudioVersion = 12.0.30723.0
MinimumVisualStudioVersion = 10.0.40219.1
Project("{FAE04EC0-301F-11D3-BF4B-00C04F79EFBC}") = "ErpSystem.Dominio", "ErpSystem.Dominio\ErpSystem.Dominio.csproj", "{EB5B2340-AB45-46A7-B25E-1D74049E755A}"
EndProject
Project("{FAE04EC0-301F-11D3-BF4B-00C04F79EFBC}") = "ErpSystem.Repositorio", "ErpSystem.Repositorio\ErpSystem.Repositorio.csproj", "{980EAB33-68B6-44BC-A5F6-AA49DBAB7303}"
EndProject
Project("{FAE04EC0-301F-11D3-BF4B-00C04F79EFBC}") = "ErpSystem.Web", "ErpSystem.Web\ErpSystem.Web.csproj", "{A8BA876A-21CF-4DA2-ADD0-E8E5F33F493F}"
EndProject
Project("{FAE04EC0-301F-11D3-BF4B-00C04F79EFBC}") = "ErpSystem.Desktop", "ErpSystem.Desktop\ErpSystem.Desktop.csproj", "{D5D0D033-0616-4A2B-AF3F-96C8233677FB}"
EndProject
Project("{FAE04EC0-301F-11D3-BF4B-00C04F79EFBC}") = "ErpSystem.Negocio", "ErpSystem.Negocio\ErpSystem.Negocio.csproj", "{D6EAE1EF-56F5-44F3-8510-C7DCCAC42D4A}"
EndProject
Global
	GlobalSection(SolutionConfigurationPlatforms) = preSolution
		Debug|Any CPU = Debug|Any CPU
		Release|Any CPU = Release|Any CPU
	EndGlobalSection
	GlobalSection(ProjectConfigurationPlatforms) = postSolution
		{EB5B2340-AB45-46A7-B25E-1D74049E755A}.Debug|Any CPU.ActiveCfg = Debug|Any CPU
		{EB5B2340-AB45-46A7-B25E-1D74049E755A}.Debug|Any CPU.Build.0 = Debug|Any CPU
		{EB5B2340-AB45-46A7-B25E-1D74049E755A}.Release|Any CPU.ActiveCfg = Release|Any CPU
		{EB5B2340-AB45-46A7-B25E-1D74049E755A}.Release|Any CPU.Build.0 = Release|Any CPU
		{980EAB33-68B6-44BC-A5F6-AA49DBAB7303}.Debug|Any CPU.ActiveCfg = Debug|Any CPU
		{980EAB33-68B6-44BC-A5F6-AA49DBAB7303}.Debug|Any CPU.Build.0 = Debug|Any CPU
		{980EAB33-68B6-44BC-A5F6-AA49DBAB7303}.Release|Any CPU.ActiveCfg = Release|Any CPU
		{980EAB33-68B6-44BC-A5F6-AA49DBAB7303}.Release|Any CPU.Build.0 = Release|Any CPU
		{A8BA876A-21CF-4DA2-ADD0-E8E5F33F493F}.Debug|Any CPU.ActiveCfg = Debug|Any CPU
		{A8BA876A-21CF-4DA2-ADD0-E8E5F33F493F}.Debug|Any CPU.Build.0 = Debug|Any CPU
		{A8BA876A-21CF-4DA2-ADD0-E8E5F33F493F}.Release|Any CPU.ActiveCfg = Release|Any CPU
		{A8BA876A-21CF-4DA2-ADD0-E8E5F33F493F}.Release|Any CPU.Build.0 = Release|Any CPU
		{D5D0D033-0616-4A2B-AF3F-96C8233677FB}.Debug|Any CPU.ActiveCfg = Debug|Any CPU
		{D5D0D033-0616-4A2B-AF3F-96C8233677FB}.Debug|Any CPU.Build.0 = Debug|Any CPU
		{D5D0D033-0616-4A2B-AF3F-96C8233677FB}.Release|Any CPU.ActiveCfg = Release|Any CPU
		{D5D0D033-0616-4A2B-AF3F-96C8233677FB}.Release|Any CPU.Build.0 = Release|Any CPU
		{D6EAE1EF-56F5-44F3-8510-C7DCCAC42D4A}.Debug|Any CPU.ActiveCfg = Debug|Any CPU
		{D6EAE1EF-56F5-44F3-8510-C7DCCAC42D4A}.Debug|Any CPU.Build.0 = Debug|Any CPU
		{D6EAE1EF-56F5-44F3-8510-C7DCCAC42D4A}.Release|Any CPU.ActiveCfg = Release|Any CPU
		{D6EAE1EF-56F5-44F3-8510-C7DCCAC42D4A}.Release|Any CPU.Build.0 = Release|Any CPU
	EndGlobalSection
	GlobalSection(SolutionProperties) = preSolution
		HideSolutionNode = FALSE
	EndGlobalSection
EndGlobal
